
Microsoft Visual Studio Solution File, Format Version 12.00
# Visual Studio 2017
Project("{FAE04EC0-301F-11D3-BF4B-00C04F79EFBC}") = "GainzChain.Plugins", "GainzChain.Plugins.csproj", "{B18432F1-14BF-ABBA-2579-E3357B7C77B2}"
EndProject
Project("{FAE04EC0-301F-11D3-BF4B-00C04F79EFBC}") = "GainzChain", "GainzChain.csproj", "{F8B3174E-1309-5538-041F-537CED598D78}"
EndProject
Project("{FAE04EC0-301F-11D3-BF4B-00C04F79EFBC}") = "GainzChain.Editor", "GainzChain.Editor.csproj", "{BD3D07BB-4D67-F293-745F-C33C400FB911}"
EndProject
Project("{FAE04EC0-301F-11D3-BF4B-00C04F79EFBC}") = "GainzChain.Editor.Plugins", "GainzChain.Editor.Plugins.csproj", "{8D301201-95F7-4F60-2127-B1C3C520F6A6}"
EndProject
Global
	GlobalSection(SolutionConfigurationPlatforms) = preSolution
		Debug|Any CPU = Debug|Any CPU
		Release|Any CPU = Release|Any CPU
	EndGlobalSection
	GlobalSection(ProjectConfigurationPlatforms) = postSolution
		{B18432F1-14BF-ABBA-2579-E3357B7C77B2}.Debug|Any CPU.ActiveCfg = Debug|Any CPU
		{B18432F1-14BF-ABBA-2579-E3357B7C77B2}.Debug|Any CPU.Build.0 = Debug|Any CPU
		{B18432F1-14BF-ABBA-2579-E3357B7C77B2}.Release|Any CPU.ActiveCfg = Release|Any CPU
		{B18432F1-14BF-ABBA-2579-E3357B7C77B2}.Release|Any CPU.Build.0 = Release|Any CPU
		{F8B3174E-1309-5538-041F-537CED598D78}.Debug|Any CPU.ActiveCfg = Debug|Any CPU
		{F8B3174E-1309-5538-041F-537CED598D78}.Debug|Any CPU.Build.0 = Debug|Any CPU
		{F8B3174E-1309-5538-041F-537CED598D78}.Release|Any CPU.ActiveCfg = Release|Any CPU
		{F8B3174E-1309-5538-041F-537CED598D78}.Release|Any CPU.Build.0 = Release|Any CPU
		{BD3D07BB-4D67-F293-745F-C33C400FB911}.Debug|Any CPU.ActiveCfg = Debug|Any CPU
		{BD3D07BB-4D67-F293-745F-C33C400FB911}.Debug|Any CPU.Build.0 = Debug|Any CPU
		{BD3D07BB-4D67-F293-745F-C33C400FB911}.Release|Any CPU.ActiveCfg = Release|Any CPU
		{BD3D07BB-4D67-F293-745F-C33C400FB911}.Release|Any CPU.Build.0 = Release|Any CPU
		{8D301201-95F7-4F60-2127-B1C3C520F6A6}.Debug|Any CPU.ActiveCfg = Debug|Any CPU
		{8D301201-95F7-4F60-2127-B1C3C520F6A6}.Debug|Any CPU.Build.0 = Debug|Any CPU
		{8D301201-95F7-4F60-2127-B1C3C520F6A6}.Release|Any CPU.ActiveCfg = Release|Any CPU
		{8D301201-95F7-4F60-2127-B1C3C520F6A6}.Release|Any CPU.Build.0 = Release|Any CPU
	EndGlobalSection
	GlobalSection(SolutionProperties) = preSolution
		HideSolutionNode = FALSE
	EndGlobalSection
EndGlobal
